// !$*UTF8*$!
{
	archiveVersion = 1;
	classes = {
	};
	objectVersion = 56;
	objects = {

/* Begin PBXBuildFile section */
		7F65666029BB73FB00CC74BF /* AppDelegate.swift in Sources */ = {isa = PBXBuildFile; fileRef = 7F65665F29BB73FB00CC74BF /* AppDelegate.swift */; };
		7F65666229BB73FB00CC74BF /* SceneDelegate.swift in Sources */ = {isa = PBXBuildFile; fileRef = 7F65666129BB73FB00CC74BF /* SceneDelegate.swift */; };
		7F65666929BB73FC00CC74BF /* Assets.xcassets in Resources */ = {isa = PBXBuildFile; fileRef = 7F65666829BB73FC00CC74BF /* Assets.xcassets */; };
		7F65666C29BB73FC00CC74BF /* LaunchScreen.storyboard in Resources */ = {isa = PBXBuildFile; fileRef = 7F65666A29BB73FC00CC74BF /* LaunchScreen.storyboard */; };
		7F65667429BB749E00CC74BF /* MainTabBarController.swift in Sources */ = {isa = PBXBuildFile; fileRef = 7F65667329BB749E00CC74BF /* MainTabBarController.swift */; };
		7F65667829BB75D200CC74BF /* AppSettings.swift in Sources */ = {isa = PBXBuildFile; fileRef = 7F65667729BB75D200CC74BF /* AppSettings.swift */; };
		7F65667D29BB77E700CC74BF /* HabitsStore.swift in Sources */ = {isa = PBXBuildFile; fileRef = 7F65667C29BB77E700CC74BF /* HabitsStore.swift */; };
		7F65667F29BB78B900CC74BF /* HabitsViewController.swift in Sources */ = {isa = PBXBuildFile; fileRef = 7F65667E29BB78B900CC74BF /* HabitsViewController.swift */; };
		7F65668129BB793200CC74BF /* InfoViewController.swift in Sources */ = {isa = PBXBuildFile; fileRef = 7F65668029BB793200CC74BF /* InfoViewController.swift */; };
		7F65668929BB7C4F00CC74BF /* Extensions.swift in Sources */ = {isa = PBXBuildFile; fileRef = 7F65668829BB7C4F00CC74BF /* Extensions.swift */; };
		7F65668B29BB7D2200CC74BF /* ProgressCollectionViewCell.swift in Sources */ = {isa = PBXBuildFile; fileRef = 7F65668A29BB7D2200CC74BF /* ProgressCollectionViewCell.swift */; };
		7F65668D29BB7DBA00CC74BF /* HabitCollectionViewCell.swift in Sources */ = {isa = PBXBuildFile; fileRef = 7F65668C29BB7DBA00CC74BF /* HabitCollectionViewCell.swift */; };
		7F65669029BB7E2A00CC74BF /* HabitDetailsViewController.swift in Sources */ = {isa = PBXBuildFile; fileRef = 7F65668F29BB7E2A00CC74BF /* HabitDetailsViewController.swift */; };
		7F65669329BB7E9800CC74BF /* HabitViewController.swift in Sources */ = {isa = PBXBuildFile; fileRef = 7F65669229BB7E9800CC74BF /* HabitViewController.swift */; };
		7F65669529BC522C00CC74BF /* CustomCollectionViewCell.swift in Sources */ = {isa = PBXBuildFile; fileRef = 7F65669429BC522C00CC74BF /* CustomCollectionViewCell.swift */; };
		7F8CA47F29C027430064DCDB /* HabitDetailTableViewCell.swift in Sources */ = {isa = PBXBuildFile; fileRef = 7F8CA47E29C027430064DCDB /* HabitDetailTableViewCell.swift */; };
		7F8CA48229C0A51C0064DCDB /* CustomCheckbox.swift in Sources */ = {isa = PBXBuildFile; fileRef = 7F8CA48129C0A51C0064DCDB /* CustomCheckbox.swift */; };
/* End PBXBuildFile section */

/* Begin PBXFileReference section */
		7F65665C29BB73FB00CC74BF /* MyHabits.app */ = {isa = PBXFileReference; explicitFileType = wrapper.application; includeInIndex = 0; path = MyHabits.app; sourceTree = BUILT_PRODUCTS_DIR; };
		7F65665F29BB73FB00CC74BF /* AppDelegate.swift */ = {isa = PBXFileReference; lastKnownFileType = sourcecode.swift; path = AppDelegate.swift; sourceTree = "<group>"; };
		7F65666129BB73FB00CC74BF /* SceneDelegate.swift */ = {isa = PBXFileReference; lastKnownFileType = sourcecode.swift; path = SceneDelegate.swift; sourceTree = "<group>"; };
		7F65666829BB73FC00CC74BF /* Assets.xcassets */ = {isa = PBXFileReference; lastKnownFileType = folder.assetcatalog; path = Assets.xcassets; sourceTree = "<group>"; };
		7F65666B29BB73FC00CC74BF /* Base */ = {isa = PBXFileReference; lastKnownFileType = file.storyboard; name = Base; path = Base.lproj/LaunchScreen.storyboard; sourceTree = "<group>"; };
		7F65666D29BB73FC00CC74BF /* Info.plist */ = {isa = PBXFileReference; lastKnownFileType = text.plist.xml; path = Info.plist; sourceTree = "<group>"; };
		7F65667329BB749E00CC74BF /* MainTabBarController.swift */ = {isa = PBXFileReference; lastKnownFileType = sourcecode.swift; path = MainTabBarController.swift; sourceTree = "<group>"; };
		7F65667729BB75D200CC74BF /* AppSettings.swift */ = {isa = PBXFileReference; lastKnownFileType = sourcecode.swift; path = AppSettings.swift; sourceTree = "<group>"; };
		7F65667C29BB77E700CC74BF /* HabitsStore.swift */ = {isa = PBXFileReference; lastKnownFileType = sourcecode.swift; path = HabitsStore.swift; sourceTree = "<group>"; };
		7F65667E29BB78B900CC74BF /* HabitsViewController.swift */ = {isa = PBXFileReference; lastKnownFileType = sourcecode.swift; path = HabitsViewController.swift; sourceTree = "<group>"; };
		7F65668029BB793200CC74BF /* InfoViewController.swift */ = {isa = PBXFileReference; lastKnownFileType = sourcecode.swift; path = InfoViewController.swift; sourceTree = "<group>"; };
		7F65668829BB7C4F00CC74BF /* Extensions.swift */ = {isa = PBXFileReference; lastKnownFileType = sourcecode.swift; path = Extensions.swift; sourceTree = "<group>"; };
		7F65668A29BB7D2200CC74BF /* ProgressCollectionViewCell.swift */ = {isa = PBXFileReference; lastKnownFileType = sourcecode.swift; path = ProgressCollectionViewCell.swift; sourceTree = "<group>"; };
		7F65668C29BB7DBA00CC74BF /* HabitCollectionViewCell.swift */ = {isa = PBXFileReference; lastKnownFileType = sourcecode.swift; path = HabitCollectionViewCell.swift; sourceTree = "<group>"; };
		7F65668F29BB7E2A00CC74BF /* HabitDetailsViewController.swift */ = {isa = PBXFileReference; lastKnownFileType = sourcecode.swift; path = HabitDetailsViewController.swift; sourceTree = "<group>"; };
		7F65669229BB7E9800CC74BF /* HabitViewController.swift */ = {isa = PBXFileReference; lastKnownFileType = sourcecode.swift; path = HabitViewController.swift; sourceTree = "<group>"; };
		7F65669429BC522C00CC74BF /* CustomCollectionViewCell.swift */ = {isa = PBXFileReference; lastKnownFileType = sourcecode.swift; path = CustomCollectionViewCell.swift; sourceTree = "<group>"; };
		7F8CA47E29C027430064DCDB /* HabitDetailTableViewCell.swift */ = {isa = PBXFileReference; lastKnownFileType = sourcecode.swift; path = HabitDetailTableViewCell.swift; sourceTree = "<group>"; };
		7F8CA48129C0A51C0064DCDB /* CustomCheckbox.swift */ = {isa = PBXFileReference; lastKnownFileType = sourcecode.swift; path = CustomCheckbox.swift; sourceTree = "<group>"; };
/* End PBXFileReference section */

/* Begin PBXFrameworksBuildPhase section */
		7F65665929BB73FB00CC74BF /* Frameworks */ = {
			isa = PBXFrameworksBuildPhase;
			buildActionMask = 2147483647;
			files = (
			);
			runOnlyForDeploymentPostprocessing = 0;
		};
/* End PBXFrameworksBuildPhase section */

/* Begin PBXGroup section */
		7F4DB7C729C2128500C247C6 /* Model */ = {
			isa = PBXGroup;
			children = (
				7F65667C29BB77E700CC74BF /* HabitsStore.swift */,
			);
			path = Model;
			sourceTree = "<group>";
		};
		7F65665329BB73FB00CC74BF = {
			isa = PBXGroup;
			children = (
				7F65665E29BB73FB00CC74BF /* MyHabits */,
				7F65665D29BB73FB00CC74BF /* Products */,
			);
			sourceTree = "<group>";
		};
		7F65665D29BB73FB00CC74BF /* Products */ = {
			isa = PBXGroup;
			children = (
				7F65665C29BB73FB00CC74BF /* MyHabits.app */,
			);
			name = Products;
			sourceTree = "<group>";
		};
		7F65665E29BB73FB00CC74BF /* MyHabits */ = {
			isa = PBXGroup;
			children = (
				7F65667529BB757B00CC74BF /* Application */,
				7F65667629BB759B00CC74BF /* Common */,
				7F4DB7C729C2128500C247C6 /* Model */,
				7F65667929BB774400CC74BF /* Features */,
				7F65666829BB73FC00CC74BF /* Assets.xcassets */,
				7F65666D29BB73FC00CC74BF /* Info.plist */,
			);
			path = MyHabits;
			sourceTree = "<group>";
		};
		7F65667529BB757B00CC74BF /* Application */ = {
			isa = PBXGroup;
			children = (
				7F65665F29BB73FB00CC74BF /* AppDelegate.swift */,
				7F65666129BB73FB00CC74BF /* SceneDelegate.swift */,
				7F65666A29BB73FC00CC74BF /* LaunchScreen.storyboard */,
			);
			path = Application;
			sourceTree = "<group>";
		};
		7F65667629BB759B00CC74BF /* Common */ = {
			isa = PBXGroup;
			children = (
				7F8CA48029C0A5030064DCDB /* CustomClasses */,
				7F65668829BB7C4F00CC74BF /* Extensions.swift */,
				7F65667729BB75D200CC74BF /* AppSettings.swift */,
				7F65667329BB749E00CC74BF /* MainTabBarController.swift */,
			);
			path = Common;
			sourceTree = "<group>";
		};
		7F65667929BB774400CC74BF /* Features */ = {
			isa = PBXGroup;
			children = (
				7F65667B29BB776D00CC74BF /* Info */,
				7F65667A29BB775D00CC74BF /* Habits */,
			);
			path = Features;
			sourceTree = "<group>";
		};
		7F65667A29BB775D00CC74BF /* Habits */ = {
			isa = PBXGroup;
			children = (
				7F65669129BB7E8000CC74BF /* HabitEditing */,
				7F65668E29BB7E1300CC74BF /* HabitDetails */,
				7F65668A29BB7D2200CC74BF /* ProgressCollectionViewCell.swift */,
				7F65668C29BB7DBA00CC74BF /* HabitCollectionViewCell.swift */,
				7F65667E29BB78B900CC74BF /* HabitsViewController.swift */,
			);
			path = Habits;
			sourceTree = "<group>";
		};
		7F65667B29BB776D00CC74BF /* Info */ = {
			isa = PBXGroup;
			children = (
				7F65668029BB793200CC74BF /* InfoViewController.swift */,
			);
			path = Info;
			sourceTree = "<group>";
		};
		7F65668E29BB7E1300CC74BF /* HabitDetails */ = {
			isa = PBXGroup;
			children = (
				7F8CA47E29C027430064DCDB /* HabitDetailTableViewCell.swift */,
				7F65668F29BB7E2A00CC74BF /* HabitDetailsViewController.swift */,
			);
			path = HabitDetails;
			sourceTree = "<group>";
		};
		7F65669129BB7E8000CC74BF /* HabitEditing */ = {
			isa = PBXGroup;
			children = (
				7F65669229BB7E9800CC74BF /* HabitViewController.swift */,
			);
			path = HabitEditing;
			sourceTree = "<group>";
		};
		7F8CA48029C0A5030064DCDB /* CustomClasses */ = {
			isa = PBXGroup;
			children = (
				7F65669429BC522C00CC74BF /* CustomCollectionViewCell.swift */,
				7F8CA48129C0A51C0064DCDB /* CustomCheckbox.swift */,
			);
			path = CustomClasses;
			sourceTree = "<group>";
		};
/* End PBXGroup section */

/* Begin PBXNativeTarget section */
		7F65665B29BB73FB00CC74BF /* MyHabits */ = {
			isa = PBXNativeTarget;
			buildConfigurationList = 7F65667029BB73FC00CC74BF /* Build configuration list for PBXNativeTarget "MyHabits" */;
			buildPhases = (
				7F65665829BB73FB00CC74BF /* Sources */,
				7F65665929BB73FB00CC74BF /* Frameworks */,
				7F65665A29BB73FB00CC74BF /* Resources */,
			);
			buildRules = (
			);
			dependencies = (
			);
			name = MyHabits;
			productName = MyHabit;
			productReference = 7F65665C29BB73FB00CC74BF /* MyHabits.app */;
			productType = "com.apple.product-type.application";
		};
/* End PBXNativeTarget section */

/* Begin PBXProject section */
		7F65665429BB73FB00CC74BF /* Project object */ = {
			isa = PBXProject;
			attributes = {
				BuildIndependentTargetsInParallel = 1;
				LastSwiftUpdateCheck = 1420;
				LastUpgradeCheck = 1420;
				TargetAttributes = {
					7F65665B29BB73FB00CC74BF = {
						CreatedOnToolsVersion = 14.2;
					};
				};
			};
			buildConfigurationList = 7F65665729BB73FB00CC74BF /* Build configuration list for PBXProject "MyHabits" */;
			compatibilityVersion = "Xcode 14.0";
			developmentRegion = en;
			hasScannedForEncodings = 0;
			knownRegions = (
				en,
				Base,
			);
			mainGroup = 7F65665329BB73FB00CC74BF;
			productRefGroup = 7F65665D29BB73FB00CC74BF /* Products */;
			projectDirPath = "";
			projectRoot = "";
			targets = (
				7F65665B29BB73FB00CC74BF /* MyHabits */,
			);
		};
/* End PBXProject section */

/* Begin PBXResourcesBuildPhase section */
		7F65665A29BB73FB00CC74BF /* Resources */ = {
			isa = PBXResourcesBuildPhase;
			buildActionMask = 2147483647;
			files = (
				7F65666C29BB73FC00CC74BF /* LaunchScreen.storyboard in Resources */,
				7F65666929BB73FC00CC74BF /* Assets.xcassets in Resources */,
			);
			runOnlyForDeploymentPostprocessing = 0;
		};
/* End PBXResourcesBuildPhase section */

/* Begin PBXSourcesBuildPhase section */
		7F65665829BB73FB00CC74BF /* Sources */ = {
			isa = PBXSourcesBuildPhase;
			buildActionMask = 2147483647;
			files = (
				7F65669029BB7E2A00CC74BF /* HabitDetailsViewController.swift in Sources */,
				7F8CA47F29C027430064DCDB /* HabitDetailTableViewCell.swift in Sources */,
				7F8CA48229C0A51C0064DCDB /* CustomCheckbox.swift in Sources */,
				7F65669529BC522C00CC74BF /* CustomCollectionViewCell.swift in Sources */,
				7F65668929BB7C4F00CC74BF /* Extensions.swift in Sources */,
				7F65666029BB73FB00CC74BF /* AppDelegate.swift in Sources */,
				7F65667F29BB78B900CC74BF /* HabitsViewController.swift in Sources */,
				7F65667429BB749E00CC74BF /* MainTabBarController.swift in Sources */,
				7F65668B29BB7D2200CC74BF /* ProgressCollectionViewCell.swift in Sources */,
				7F65667829BB75D200CC74BF /* AppSettings.swift in Sources */,
				7F65669329BB7E9800CC74BF /* HabitViewController.swift in Sources */,
				7F65667D29BB77E700CC74BF /* HabitsStore.swift in Sources */,
				7F65668129BB793200CC74BF /* InfoViewController.swift in Sources */,
				7F65666229BB73FB00CC74BF /* SceneDelegate.swift in Sources */,
				7F65668D29BB7DBA00CC74BF /* HabitCollectionViewCell.swift in Sources */,
			);
			runOnlyForDeploymentPostprocessing = 0;
		};
/* End PBXSourcesBuildPhase section */

/* Begin PBXVariantGroup section */
		7F65666A29BB73FC00CC74BF /* LaunchScreen.storyboard */ = {
			isa = PBXVariantGroup;
			children = (
				7F65666B29BB73FC00CC74BF /* Base */,
			);
			name = LaunchScreen.storyboard;
			sourceTree = "<group>";
		};
/* End PBXVariantGroup section */

/* Begin XCBuildConfiguration section */
		7F65666E29BB73FC00CC74BF /* Debug */ = {
			isa = XCBuildConfiguration;
			buildSettings = {
				ALWAYS_SEARCH_USER_PATHS = NO;
				CLANG_ANALYZER_NONNULL = YES;
				CLANG_ANALYZER_NUMBER_OBJECT_CONVERSION = YES_AGGRESSIVE;
				CLANG_CXX_LANGUAGE_STANDARD = "gnu++20";
				CLANG_ENABLE_MODULES = YES;
				CLANG_ENABLE_OBJC_ARC = YES;
				CLANG_ENABLE_OBJC_WEAK = YES;
				CLANG_WARN_BLOCK_CAPTURE_AUTORELEASING = YES;
				CLANG_WARN_BOOL_CONVERSION = YES;
				CLANG_WARN_COMMA = YES;
				CLANG_WARN_CONSTANT_CONVERSION = YES;
				CLANG_WARN_DEPRECATED_OBJC_IMPLEMENTATIONS = YES;
				CLANG_WARN_DIRECT_OBJC_ISA_USAGE = YES_ERROR;
				CLANG_WARN_DOCUMENTATION_COMMENTS = YES;
				CLANG_WARN_EMPTY_BODY = YES;
				CLANG_WARN_ENUM_CONVERSION = YES;
				CLANG_WARN_INFINITE_RECURSION = YES;
				CLANG_WARN_INT_CONVERSION = YES;
				CLANG_WARN_NON_LITERAL_NULL_CONVERSION = YES;
				CLANG_WARN_OBJC_IMPLICIT_RETAIN_SELF = YES;
				CLANG_WARN_OBJC_LITERAL_CONVERSION = YES;
				CLANG_WARN_OBJC_ROOT_CLASS = YES_ERROR;
				CLANG_WARN_QUOTED_INCLUDE_IN_FRAMEWORK_HEADER = YES;
				CLANG_WARN_RANGE_LOOP_ANALYSIS = YES;
				CLANG_WARN_STRICT_PROTOTYPES = YES;
				CLANG_WARN_SUSPICIOUS_MOVE = YES;
				CLANG_WARN_UNGUARDED_AVAILABILITY = YES_AGGRESSIVE;
				CLANG_WARN_UNREACHABLE_CODE = YES;
				CLANG_WARN__DUPLICATE_METHOD_MATCH = YES;
				COPY_PHASE_STRIP = NO;
				DEBUG_INFORMATION_FORMAT = dwarf;
				ENABLE_STRICT_OBJC_MSGSEND = YES;
				ENABLE_TESTABILITY = YES;
				GCC_C_LANGUAGE_STANDARD = gnu11;
				GCC_DYNAMIC_NO_PIC = NO;
				GCC_NO_COMMON_BLOCKS = YES;
				GCC_OPTIMIZATION_LEVEL = 0;
				GCC_PREPROCESSOR_DEFINITIONS = (
					"DEBUG=1",
					"$(inherited)",
				);
				GCC_WARN_64_TO_32_BIT_CONVERSION = YES;
				GCC_WARN_ABOUT_RETURN_TYPE = YES_ERROR;
				GCC_WARN_UNDECLARED_SELECTOR = YES;
				GCC_WARN_UNINITIALIZED_AUTOS = YES_AGGRESSIVE;
				GCC_WARN_UNUSED_FUNCTION = YES;
				GCC_WARN_UNUSED_VARIABLE = YES;
				IPHONEOS_DEPLOYMENT_TARGET = 16.2;
				MTL_ENABLE_DEBUG_INFO = INCLUDE_SOURCE;
				MTL_FAST_MATH = YES;
				ONLY_ACTIVE_ARCH = YES;
				SDKROOT = iphoneos;
				SWIFT_ACTIVE_COMPILATION_CONDITIONS = DEBUG;
				SWIFT_OPTIMIZATION_LEVEL = "-Onone";
			};
			name = Debug;
		};
		7F65666F29BB73FC00CC74BF /* Release */ = {
			isa = XCBuildConfiguration;
			buildSettings = {
				ALWAYS_SEARCH_USER_PATHS = NO;
				CLANG_ANALYZER_NONNULL = YES;
				CLANG_ANALYZER_NUMBER_OBJECT_CONVERSION = YES_AGGRESSIVE;
				CLANG_CXX_LANGUAGE_STANDARD = "gnu++20";
				CLANG_ENABLE_MODULES = YES;
				CLANG_ENABLE_OBJC_ARC = YES;
				CLANG_ENABLE_OBJC_WEAK = YES;
				CLANG_WARN_BLOCK_CAPTURE_AUTORELEASING = YES;
				CLANG_WARN_BOOL_CONVERSION = YES;
				CLANG_WARN_COMMA = YES;
				CLANG_WARN_CONSTANT_CONVERSION = YES;
				CLANG_WARN_DEPRECATED_OBJC_IMPLEMENTATIONS = YES;
				CLANG_WARN_DIRECT_OBJC_ISA_USAGE = YES_ERROR;
				CLANG_WARN_DOCUMENTATION_COMMENTS = YES;
				CLANG_WARN_EMPTY_BODY = YES;
				CLANG_WARN_ENUM_CONVERSION = YES;
				CLANG_WARN_INFINITE_RECURSION = YES;
				CLANG_WARN_INT_CONVERSION = YES;
				CLANG_WARN_NON_LITERAL_NULL_CONVERSION = YES;
				CLANG_WARN_OBJC_IMPLICIT_RETAIN_SELF = YES;
				CLANG_WARN_OBJC_LITERAL_CONVERSION = YES;
				CLANG_WARN_OBJC_ROOT_CLASS = YES_ERROR;
				CLANG_WARN_QUOTED_INCLUDE_IN_FRAMEWORK_HEADER = YES;
				CLANG_WARN_RANGE_LOOP_ANALYSIS = YES;
				CLANG_WARN_STRICT_PROTOTYPES = YES;
				CLANG_WARN_SUSPICIOUS_MOVE = YES;
				CLANG_WARN_UNGUARDED_AVAILABILITY = YES_AGGRESSIVE;
				CLANG_WARN_UNREACHABLE_CODE = YES;
				CLANG_WARN__DUPLICATE_METHOD_MATCH = YES;
				COPY_PHASE_STRIP = NO;
				DEBUG_INFORMATION_FORMAT = "dwarf-with-dsym";
				ENABLE_NS_ASSERTIONS = NO;
				ENABLE_STRICT_OBJC_MSGSEND = YES;
				GCC_C_LANGUAGE_STANDARD = gnu11;
				GCC_NO_COMMON_BLOCKS = YES;
				GCC_WARN_64_TO_32_BIT_CONVERSION = YES;
				GCC_WARN_ABOUT_RETURN_TYPE = YES_ERROR;
				GCC_WARN_UNDECLARED_SELECTOR = YES;
				GCC_WARN_UNINITIALIZED_AUTOS = YES_AGGRESSIVE;
				GCC_WARN_UNUSED_FUNCTION = YES;
				GCC_WARN_UNUSED_VARIABLE = YES;
				IPHONEOS_DEPLOYMENT_TARGET = 16.2;
				MTL_ENABLE_DEBUG_INFO = NO;
				MTL_FAST_MATH = YES;
				SDKROOT = iphoneos;
				SWIFT_COMPILATION_MODE = wholemodule;
				SWIFT_OPTIMIZATION_LEVEL = "-O";
				VALIDATE_PRODUCT = YES;
			};
			name = Release;
		};
		7F65667129BB73FC00CC74BF /* Debug */ = {
			isa = XCBuildConfiguration;
			buildSettings = {
				ASSETCATALOG_COMPILER_APPICON_NAME = AppIcon;
				ASSETCATALOG_COMPILER_GLOBAL_ACCENT_COLOR_NAME = AccentColor;
				CODE_SIGN_IDENTITY = "Apple Development";
				CODE_SIGN_STYLE = Automatic;
				CURRENT_PROJECT_VERSION = 1;
				DEVELOPMENT_TEAM = 83K2F772Z3;
				GENERATE_INFOPLIST_FILE = YES;
				INFOPLIST_FILE = MyHabits/Info.plist;
				INFOPLIST_KEY_LSApplicationCategoryType = "public.app-category.lifestyle";
				INFOPLIST_KEY_UIApplicationSupportsIndirectInputEvents = YES;
				INFOPLIST_KEY_UILaunchStoryboardName = LaunchScreen;
				INFOPLIST_KEY_UISupportedInterfaceOrientations_iPad = "UIInterfaceOrientationPortrait UIInterfaceOrientationPortraitUpsideDown UIInterfaceOrientationLandscapeLeft UIInterfaceOrientationLandscapeRight";
				INFOPLIST_KEY_UISupportedInterfaceOrientations_iPhone = "UIInterfaceOrientationPortrait UIInterfaceOrientationLandscapeLeft UIInterfaceOrientationLandscapeRight";
				IPHONEOS_DEPLOYMENT_TARGET = 15.0;
				LD_RUNPATH_SEARCH_PATHS = (
					"$(inherited)",
					"@executable_path/Frameworks",
				);
				MARKETING_VERSION = 1.0;
				PRODUCT_BUNDLE_IDENTIFIER = com.oleg123.MyHabits;
				PRODUCT_NAME = "$(TARGET_NAME)";
				PROVISIONING_PROFILE_SPECIFIER = "";
				SWIFT_EMIT_LOC_STRINGS = YES;
				SWIFT_VERSION = 5.0;
				TARGETED_DEVICE_FAMILY = "1,2";
			};
			name = Debug;
		};
		7F65667229BB73FC00CC74BF /* Release */ = {
			isa = XCBuildConfiguration;
			buildSettings = {
				ASSETCATALOG_COMPILER_APPICON_NAME = AppIcon;
				ASSETCATALOG_COMPILER_GLOBAL_ACCENT_COLOR_NAME = AccentColor;
				CODE_SIGN_IDENTITY = "Apple Development";
				CODE_SIGN_STYLE = Automatic;
				CURRENT_PROJECT_VERSION = 1;
				DEVELOPMENT_TEAM = 83K2F772Z3;
				GENERATE_INFOPLIST_FILE = YES;
				INFOPLIST_FILE = MyHabits/Info.plist;
				INFOPLIST_KEY_LSApplicationCategoryType = "public.app-category.lifestyle";
				INFOPLIST_KEY_UIApplicationSupportsIndirectInputEvents = YES;
				INFOPLIST_KEY_UILaunchStoryboardName = LaunchScreen;
				INFOPLIST_KEY_UISupportedInterfaceOrientations_iPad = "UIInterfaceOrientationPortrait UIInterfaceOrientationPortraitUpsideDown UIInterfaceOrientationLandscapeLeft UIInterfaceOrientationLandscapeRight";
				INFOPLIST_KEY_UISupportedInterfaceOrientations_iPhone = "UIInterfaceOrientationPortrait UIInterfaceOrientationLandscapeLeft UIInterfaceOrientationLandscapeRight";
				IPHONEOS_DEPLOYMENT_TARGET = 15.0;
				LD_RUNPATH_SEARCH_PATHS = (
					"$(inherited)",
					"@executable_path/Frameworks",
				);
				MARKETING_VERSION = 1.0;
				PRODUCT_BUNDLE_IDENTIFIER = com.oleg123.MyHabits;
				PRODUCT_NAME = "$(TARGET_NAME)";
				PROVISIONING_PROFILE_SPECIFIER = "";
				SWIFT_EMIT_LOC_STRINGS = YES;
				SWIFT_VERSION = 5.0;
				TARGETED_DEVICE_FAMILY = "1,2";
			};
			name = Release;
		};
/* End XCBuildConfiguration section */

/* Begin XCConfigurationList section */
		7F65665729BB73FB00CC74BF /* Build configuration list for PBXProject "MyHabits" */ = {
			isa = XCConfigurationList;
			buildConfigurations = (
				7F65666E29BB73FC00CC74BF /* Debug */,
				7F65666F29BB73FC00CC74BF /* Release */,
			);
			defaultConfigurationIsVisible = 0;
			defaultConfigurationName = Release;
		};
		7F65667029BB73FC00CC74BF /* Build configuration list for PBXNativeTarget "MyHabits" */ = {
			isa = XCConfigurationList;
			buildConfigurations = (
				7F65667129BB73FC00CC74BF /* Debug */,
				7F65667229BB73FC00CC74BF /* Release */,
			);
			defaultConfigurationIsVisible = 0;
			defaultConfigurationName = Release;
		};
/* End XCConfigurationList section */
	};
	rootObject = 7F65665429BB73FB00CC74BF /* Project object */;
}
